# This file is autogenerated, do not edit; changes may be undone by the next 'dep ensure'.


[[projects]]
  digest = "1:ad9bac31f001ab730600bf9e80c4da7552cb9cb47c505f3fa0fe80de81682bbe"
  name = "github.com/confluentinc/confluent-kafka-go"
  packages = ["kafka"]
  pruneopts = "UT"
  revision = "460e8e43b282a1a68219df600ef63442b81faf5f"
  version = "v0.11.6"

[solve-meta]
  analyzer-name = "dep"
  analyzer-version = 1
  input-imports = ["github.com/confluentinc/confluent-kafka-go/kafka"]
  solver-name = "gps-cdcl"
  solver-version = 1
